
Microsoft Visual Studio Solution File, Format Version 12.00
Project("{FAE04EC0-301F-11D3-BF4B-00C04F79EFBC}") = "AuthExample", "AuthExample\AuthExample.csproj", "{3E940B8C-AF9A-41EB-A5D2-9DF0414D5E94}"
EndProject
Project("{2150E333-8FDC-42A3-9474-1A3956D46DE8}") = "SolutionFolder", "SolutionFolder", "{E45E8641-4B16-4AB7-A260-BCF9BA98939F}"
	ProjectSection(SolutionItems) = preProject
		.gitignore = .gitignore
	EndProjectSection
EndProject
Project("{FAE04EC0-301F-11D3-BF4B-00C04F79EFBC}") = "JwtAuth", "JwtAuth\JwtAuth.csproj", "{E9B115CA-D41B-4FA7-8C25-05120FC52060}"
EndProject
Project("{FAE04EC0-301F-11D3-BF4B-00C04F79EFBC}") = "JwtClientAuth", "JwtClientAuth\JwtClientAuth.csproj", "{4AE5283A-5B26-4BD3-85CE-1054FF6E3050}"
EndProject
Project("{FAE04EC0-301F-11D3-BF4B-00C04F79EFBC}") = "CookiesAuth", "CookiesAuth\CookiesAuth.csproj", "{F8A9F464-8F8F-43B9-A2F2-24D9B7BCBA89}"
EndProject
Project("{FAE04EC0-301F-11D3-BF4B-00C04F79EFBC}") = "IdentityAndPrincipalAuth", "IdentityAndPrincipalAuth\IdentityAndPrincipalAuth.csproj", "{0A8AE8A8-E3B3-4C91-91E4-8456B5C72DBE}"
EndProject
Global
	GlobalSection(SolutionConfigurationPlatforms) = preSolution
		Debug|Any CPU = Debug|Any CPU
		Release|Any CPU = Release|Any CPU
	EndGlobalSection
	GlobalSection(ProjectConfigurationPlatforms) = postSolution
		{3E940B8C-AF9A-41EB-A5D2-9DF0414D5E94}.Debug|Any CPU.ActiveCfg = Debug|Any CPU
		{3E940B8C-AF9A-41EB-A5D2-9DF0414D5E94}.Debug|Any CPU.Build.0 = Debug|Any CPU
		{3E940B8C-AF9A-41EB-A5D2-9DF0414D5E94}.Release|Any CPU.ActiveCfg = Release|Any CPU
		{3E940B8C-AF9A-41EB-A5D2-9DF0414D5E94}.Release|Any CPU.Build.0 = Release|Any CPU
		{E9B115CA-D41B-4FA7-8C25-05120FC52060}.Debug|Any CPU.ActiveCfg = Debug|Any CPU
		{E9B115CA-D41B-4FA7-8C25-05120FC52060}.Debug|Any CPU.Build.0 = Debug|Any CPU
		{E9B115CA-D41B-4FA7-8C25-05120FC52060}.Release|Any CPU.ActiveCfg = Release|Any CPU
		{E9B115CA-D41B-4FA7-8C25-05120FC52060}.Release|Any CPU.Build.0 = Release|Any CPU
		{4AE5283A-5B26-4BD3-85CE-1054FF6E3050}.Debug|Any CPU.ActiveCfg = Debug|Any CPU
		{4AE5283A-5B26-4BD3-85CE-1054FF6E3050}.Debug|Any CPU.Build.0 = Debug|Any CPU
		{4AE5283A-5B26-4BD3-85CE-1054FF6E3050}.Release|Any CPU.ActiveCfg = Release|Any CPU
		{4AE5283A-5B26-4BD3-85CE-1054FF6E3050}.Release|Any CPU.Build.0 = Release|Any CPU
		{F8A9F464-8F8F-43B9-A2F2-24D9B7BCBA89}.Debug|Any CPU.ActiveCfg = Debug|Any CPU
		{F8A9F464-8F8F-43B9-A2F2-24D9B7BCBA89}.Debug|Any CPU.Build.0 = Debug|Any CPU
		{F8A9F464-8F8F-43B9-A2F2-24D9B7BCBA89}.Release|Any CPU.ActiveCfg = Release|Any CPU
		{F8A9F464-8F8F-43B9-A2F2-24D9B7BCBA89}.Release|Any CPU.Build.0 = Release|Any CPU
		{0A8AE8A8-E3B3-4C91-91E4-8456B5C72DBE}.Debug|Any CPU.ActiveCfg = Debug|Any CPU
		{0A8AE8A8-E3B3-4C91-91E4-8456B5C72DBE}.Debug|Any CPU.Build.0 = Debug|Any CPU
		{0A8AE8A8-E3B3-4C91-91E4-8456B5C72DBE}.Release|Any CPU.ActiveCfg = Release|Any CPU
		{0A8AE8A8-E3B3-4C91-91E4-8456B5C72DBE}.Release|Any CPU.Build.0 = Release|Any CPU
	EndGlobalSection
EndGlobal
